
Microsoft Visual Studio Solution File, Format Version 12.00
# Visual Studio Version 16
VisualStudioVersion = 16.0.32228.343
MinimumVisualStudioVersion = 10.0.40219.1
Project("{FAE04EC0-301F-11D3-BF4B-00C04F79EFBC}") = "Evaluacion2Aplicaciones", "Evaluacion2Aplicaciones\Evaluacion2Aplicaciones.csproj", "{6B78EDBA-3315-441F-904D-9152B88F4761}"
EndProject
Project("{FAE04EC0-301F-11D3-BF4B-00C04F79EFBC}") = "LibreriaClases", "LibreriaClases\LibreriaClases.csproj", "{515FCA10-1F85-43C4-9BD6-DA296C80C12A}"
EndProject
Project("{FAE04EC0-301F-11D3-BF4B-00C04F79EFBC}") = "MedidoresSockets", "MedidoresSockets\MedidoresSockets.csproj", "{52FCFD14-5262-42F7-BE51-2C868D88835C}"
EndProject
Global
	GlobalSection(SolutionConfigurationPlatforms) = preSolution
		Debug|Any CPU = Debug|Any CPU
		Release|Any CPU = Release|Any CPU
	EndGlobalSection
	GlobalSection(ProjectConfigurationPlatforms) = postSolution
		{6B78EDBA-3315-441F-904D-9152B88F4761}.Debug|Any CPU.ActiveCfg = Debug|Any CPU
		{6B78EDBA-3315-441F-904D-9152B88F4761}.Debug|Any CPU.Build.0 = Debug|Any CPU
		{6B78EDBA-3315-441F-904D-9152B88F4761}.Release|Any CPU.ActiveCfg = Release|Any CPU
		{6B78EDBA-3315-441F-904D-9152B88F4761}.Release|Any CPU.Build.0 = Release|Any CPU
		{515FCA10-1F85-43C4-9BD6-DA296C80C12A}.Debug|Any CPU.ActiveCfg = Debug|Any CPU
		{515FCA10-1F85-43C4-9BD6-DA296C80C12A}.Debug|Any CPU.Build.0 = Debug|Any CPU
		{515FCA10-1F85-43C4-9BD6-DA296C80C12A}.Release|Any CPU.ActiveCfg = Release|Any CPU
		{515FCA10-1F85-43C4-9BD6-DA296C80C12A}.Release|Any CPU.Build.0 = Release|Any CPU
		{52FCFD14-5262-42F7-BE51-2C868D88835C}.Debug|Any CPU.ActiveCfg = Debug|Any CPU
		{52FCFD14-5262-42F7-BE51-2C868D88835C}.Debug|Any CPU.Build.0 = Debug|Any CPU
		{52FCFD14-5262-42F7-BE51-2C868D88835C}.Release|Any CPU.ActiveCfg = Release|Any CPU
		{52FCFD14-5262-42F7-BE51-2C868D88835C}.Release|Any CPU.Build.0 = Release|Any CPU
	EndGlobalSection
	GlobalSection(SolutionProperties) = preSolution
		HideSolutionNode = FALSE
	EndGlobalSection
	GlobalSection(ExtensibilityGlobals) = postSolution
		SolutionGuid = {7A2E132A-6B5A-4C0A-ADB0-2D58B6C797B6}
	EndGlobalSection
EndGlobal
